<?xml version="1.0" encoding="utf-8"?>
<Project ToolsVersion="4.0" xmlns="http://schemas.microsoft.com/developer/msbuild/2003">
  <ItemGroup>
    <Filter Include="src">
      <UniqueIdentifier>{cc1e2741-407c-46be-8920-83a76f23205e}</UniqueIdentifier>
    </Filter>
    <Filter Include="src\Scene">
      <UniqueIdentifier>{1479fd21-fa21-467a-8e86-cccb865d9165}</UniqueIdentifier>
    </Filter>
    <Filter Include="src\SimpleLib">
      <UniqueIdentifier>{ce42bdb6-5d93-4ea9-b62b-1f577259a357}</UniqueIdentifier>
    </Filter>
    <Filter Include="src\Map">
      <UniqueIdentifier>{c512d3c4-0dea-490b-9fa8-f75be6692816}</UniqueIdentifier>
    </Filter>
  </ItemGroup>
  <ItemGroup>
    <ClCompile Include="..\src\GameWorld.cpp">
      <Filter>src</Filter>
    </ClCompile>
    <ClCompile Include="..\src\main.cpp">
      <Filter>src</Filter>
    </ClCompile>
    <ClCompile Include="..\src\Scene\SGame.cpp">
      <Filter>src\Scene</Filter>
    </ClCompile>
    <ClCompile Include="..\src\Scene\STitle.cpp">
      <Filter>src\Scene</Filter>
    </ClCompile>
    <ClCompile Include="..\src\SimpleLib\CDirectXGraphics.cpp">
      <Filter>src\SimpleLib</Filter>
    </ClCompile>
    <ClCompile Include="..\src\SimpleLib\CMatrix.cpp">
      <Filter>src\SimpleLib</Filter>
    </ClCompile>
    <ClCompile Include="..\src\SimpleLib\CMesh.cpp">
      <Filter>src\SimpleLib</Filter>
    </ClCompile>
    <ClCompile Include="..\src\SimpleLib\CSurface.cpp">
      <Filter>src\SimpleLib</Filter>
    </ClCompile>
    <ClCompile Include="..\src\SimpleLib\CTexture.cpp">
      <Filter>src\SimpleLib</Filter>
    </ClCompile>
    <ClCompile Include="..\src\SimpleLib\CVector3.cpp">
      <Filter>src\SimpleLib</Filter>
    </ClCompile>
    <ClCompile Include="..\src\SimpleLib\Helper.cpp">
      <Filter>src\SimpleLib</Filter>
    </ClCompile>
    <ClCompile Include="..\src\Map\map.cpp">
      <Filter>src\Map</Filter>
    </ClCompile>
  </ItemGroup>
  <ItemGroup>
    <ClInclude Include="..\src\GameWorld.h">
      <Filter>src</Filter>
    </ClInclude>
    <ClInclude Include="..\src\main.h">
      <Filter>src</Filter>
    </ClInclude>
    <ClInclude Include="..\src\Scene\SceneBase.h">
      <Filter>src\Scene</Filter>
    </ClInclude>
    <ClInclude Include="..\src\Scene\SGame.h">
      <Filter>src\Scene</Filter>
    </ClInclude>
    <ClInclude Include="..\src\Scene\STitle.h">
      <Filter>src\Scene</Filter>
    </ClInclude>
    <ClInclude Include="..\src\SimpleLib\CDirectXGraphics.h">
      <Filter>src\SimpleLib</Filter>
    </ClInclude>
    <ClInclude Include="..\src\SimpleLib\CMatrix.h">
      <Filter>src\SimpleLib</Filter>
    </ClInclude>
    <ClInclude Include="..\src\SimpleLib\CMesh.h">
      <Filter>src\SimpleLib</Filter>
    </ClInclude>
    <ClInclude Include="..\src\SimpleLib\CSurface.h">
      <Filter>src\SimpleLib</Filter>
    </ClInclude>
    <ClInclude Include="..\src\SimpleLib\CTexture.h">
      <Filter>src\SimpleLib</Filter>
    </ClInclude>
    <ClInclude Include="..\src\SimpleLib\CVector3.h">
      <Filter>src\SimpleLib</Filter>
    </ClInclude>
    <ClInclude Include="..\src\SimpleLib\Helper.h">
      <Filter>src\SimpleLib</Filter>
    </ClInclude>
    <ClInclude Include="..\src\SimpleLib\SimpleLib.h">
      <Filter>src\SimpleLib</Filter>
    </ClInclude>
    <ClInclude Include="..\src\Map\map.h">
      <Filter>src\Map</Filter>
    </ClInclude>
  </ItemGroup>
</Project>