<?xml version="1.0" encoding="utf-8"?>
<Project ToolsVersion="4.0" xmlns="http://schemas.microsoft.com/developer/msbuild/2003">
  <ItemGroup>
    <Filter Include="src">
      <UniqueIdentifier>{cc1e2741-407c-46be-8920-83a76f23205e}</UniqueIdentifier>
    </Filter>
    <Filter Include="src\Scene">
      <UniqueIdentifier>{1479fd21-fa21-467a-8e86-cccb865d9165}</UniqueIdentifier>
    </Filter>
    <Filter Include="src\Camera">
      <UniqueIdentifier>{fb86cc63-908e-43f7-9121-ea6a89d0cfee}</UniqueIdentifier>
    </Filter>
    <Filter Include="SimpleLib">
      <UniqueIdentifier>{8ab0c575-6f05-47bd-b59e-955e0202e01a}</UniqueIdentifier>
    </Filter>
    <Filter Include="src\System">
      <UniqueIdentifier>{c52e9831-2ebc-46d9-90ec-aa85edd2c3c2}</UniqueIdentifier>
    </Filter>
  </ItemGroup>
  <ItemGroup>
    <ClCompile Include="..\src\GameWorld.cpp">
      <Filter>src</Filter>
    </ClCompile>
    <ClCompile Include="..\src\main.cpp">
      <Filter>src</Filter>
    </ClCompile>
    <ClCompile Include="..\src\Scene\SGame.cpp">
      <Filter>src\Scene</Filter>
    </ClCompile>
    <ClCompile Include="..\src\Scene\STitle.cpp">
      <Filter>src\Scene</Filter>
    </ClCompile>
    <ClCompile Include="..\src\Camera\Camera.cpp">
      <Filter>src\Camera</Filter>
    </ClCompile>
    <ClCompile Include="..\SimpleLib\CDirectXGraphics.cpp">
      <Filter>SimpleLib</Filter>
    </ClCompile>
    <ClCompile Include="..\SimpleLib\CMatrix.cpp">
      <Filter>SimpleLib</Filter>
    </ClCompile>
    <ClCompile Include="..\SimpleLib\CMesh.cpp">
      <Filter>SimpleLib</Filter>
    </ClCompile>
    <ClCompile Include="..\SimpleLib\CSurface.cpp">
      <Filter>SimpleLib</Filter>
    </ClCompile>
    <ClCompile Include="..\SimpleLib\CTexture.cpp">
      <Filter>SimpleLib</Filter>
    </ClCompile>
    <ClCompile Include="..\SimpleLib\CVector2.cpp">
      <Filter>SimpleLib</Filter>
    </ClCompile>
    <ClCompile Include="..\SimpleLib\CVector3.cpp">
      <Filter>SimpleLib</Filter>
    </ClCompile>
    <ClCompile Include="..\SimpleLib\Helper.cpp">
      <Filter>SimpleLib</Filter>
    </ClCompile>
    <ClCompile Include="..\src\System\RouteSearch.cpp">
      <Filter>src\System</Filter>
    </ClCompile>
  </ItemGroup>
  <ItemGroup>
    <ClInclude Include="..\src\GameWorld.h">
      <Filter>src</Filter>
    </ClInclude>
    <ClInclude Include="..\src\main.h">
      <Filter>src</Filter>
    </ClInclude>
    <ClInclude Include="..\src\Scene\SceneBase.h">
      <Filter>src\Scene</Filter>
    </ClInclude>
    <ClInclude Include="..\src\Scene\SGame.h">
      <Filter>src\Scene</Filter>
    </ClInclude>
    <ClInclude Include="..\src\Scene\STitle.h">
      <Filter>src\Scene</Filter>
    </ClInclude>
    <ClInclude Include="..\src\Camera\Camera.h">
      <Filter>src\Camera</Filter>
    </ClInclude>
    <ClInclude Include="..\SimpleLib\CDirectXGraphics.h">
      <Filter>SimpleLib</Filter>
    </ClInclude>
    <ClInclude Include="..\SimpleLib\CMatrix.h">
      <Filter>SimpleLib</Filter>
    </ClInclude>
    <ClInclude Include="..\SimpleLib\CMesh.h">
      <Filter>SimpleLib</Filter>
    </ClInclude>
    <ClInclude Include="..\SimpleLib\CSurface.h">
      <Filter>SimpleLib</Filter>
    </ClInclude>
    <ClInclude Include="..\SimpleLib\CTexture.h">
      <Filter>SimpleLib</Filter>
    </ClInclude>
    <ClInclude Include="..\SimpleLib\CVector2.h">
      <Filter>SimpleLib</Filter>
    </ClInclude>
    <ClInclude Include="..\SimpleLib\CVector3.h">
      <Filter>SimpleLib</Filter>
    </ClInclude>
    <ClInclude Include="..\SimpleLib\Helper.h">
      <Filter>SimpleLib</Filter>
    </ClInclude>
    <ClInclude Include="..\SimpleLib\SimpleLib.h">
      <Filter>SimpleLib</Filter>
    </ClInclude>
    <ClInclude Include="..\src\System\RouteSearch.h">
      <Filter>src\System</Filter>
    </ClInclude>
  </ItemGroup>
</Project>